# THIS IS AN AUTOGENERATED FILE. DO NOT EDIT THIS FILE DIRECTLY.
# yarn lockfile v1


"@babel/runtime@^7.21.0", "@babel/runtime@^7.5.5", "@babel/runtime@^7.8.7":
  version "7.21.0"
  resolved "https://registry.yarnpkg.com/@babel/runtime/-/runtime-7.21.0.tgz#5b55c9d394e5fcf304909a8b00c07dc217b56673"
  integrity sha512-xwII0//EObnq89Ji5AKYQaRYiW/nZ3llSv29d49IuxPhKbtJoLP+9QUUZ4nVragQVtaVGeZrpB+ZtG/Pdy/POw==
  dependencies:
    regenerator-runtime "^0.13.11"

"@date-io/core@^2.16.0":
  version "2.16.0"
  resolved "https://registry.yarnpkg.com/@date-io/core/-/core-2.16.0.tgz#7871bfc1d9bca9aa35ad444a239505589d0f22f6"
  integrity sha512-DYmSzkr+jToahwWrsiRA2/pzMEtz9Bq1euJwoOuYwuwIYXnZFtHajY2E6a1VNVDc9jP8YUXK1BvnZH9mmT19Zg==

"@date-io/date-fns-jalali@^2.16.0":
  version "2.16.0"
  resolved "https://registry.yarnpkg.com/@date-io/date-fns-jalali/-/date-fns-jalali-2.16.0.tgz#0e2916c287e00d708a6f9f6d6e6c44ec377994c5"
  integrity sha512-MNVvGYwRiBydbvY7gvZM14W2kosIG29G1Ekw5qmYWOXkIIFngh6ZvV7/uVGDCW+gqlIeSz/XitZXA9n8RO0tJw==
  dependencies:
    "@date-io/core" "^2.16.0"

"@date-io/date-fns@^2.16.0":
  version "2.16.0"
  resolved "https://registry.yarnpkg.com/@date-io/date-fns/-/date-fns-2.16.0.tgz#bd5e09b6ecb47ee55e593fc3a87e7b2caaa3da40"
  integrity sha512-bfm5FJjucqlrnQcXDVU5RD+nlGmL3iWgkHTq3uAZWVIuBu6dDmGa3m8a6zo2VQQpu8ambq9H22UyUpn7590joA==
  dependencies:
    "@date-io/core" "^2.16.0"

"@date-io/dayjs@^2.16.0":
  version "2.16.0"
  resolved "https://registry.yarnpkg.com/@date-io/dayjs/-/dayjs-2.16.0.tgz#0d2c254ad8db1306fdc4b8eda197cb53c9af89dc"
  integrity sha512-y5qKyX2j/HG3zMvIxTobYZRGnd1FUW2olZLS0vTj7bEkBQkjd2RO7/FEwDY03Z1geVGlXKnzIATEVBVaGzV4Iw==
  dependencies:
    "@date-io/core" "^2.16.0"

"@date-io/hijri@^2.16.1":
  version "2.16.1"
  resolved "https://registry.yarnpkg.com/@date-io/hijri/-/hijri-2.16.1.tgz#a5e7e5b875e0ac8719c235eaf51d4188f21ea193"
  integrity sha512-6BxY0mtnqj5cBiXluRs3uWN0mSJwGw0AB2ZxqtEHvBFoiSYEojW51AETnfPIWpdvDsBn+WAC7QrfBvQZnoyIkQ==
  dependencies:
    "@date-io/moment" "^2.16.1"

"@date-io/jalaali@^2.16.1":
  version "2.16.1"
  resolved "https://registry.yarnpkg.com/@date-io/jalaali/-/jalaali-2.16.1.tgz#c53323fc429f8fe6ab205d36c003d6de071f17e8"
  integrity sha512-GLw87G/WJ1DNrQHW8p/LqkqAqTUSqBSRin0H1pRPwCccB5Fh7GT64sadjzEvjW56lPJ0aq2vp5yI2eIjZajfrw==
  dependencies:
    "@date-io/moment" "^2.16.1"

"@date-io/luxon@^2.16.1":
  version "2.16.1"
  resolved "https://registry.yarnpkg.com/@date-io/luxon/-/luxon-2.16.1.tgz#b08786614cb58831c729a15807753011e4acb966"
  integrity sha512-aeYp5K9PSHV28946pC+9UKUi/xMMYoaGelrpDibZSgHu2VWHXrr7zWLEr+pMPThSs5vt8Ei365PO+84pCm37WQ==
  dependencies:
    "@date-io/core" "^2.16.0"

"@date-io/moment@^2.16.1":
  version "2.16.1"
  resolved "https://registry.yarnpkg.com/@date-io/moment/-/moment-2.16.1.tgz#ec6e0daa486871e0e6412036c6f806842a0eeed4"
  integrity sha512-JkxldQxUqZBfZtsaCcCMkm/dmytdyq5pS1RxshCQ4fHhsvP5A7gSqPD22QbVXMcJydi3d3v1Y8BQdUKEuGACZQ==
  dependencies:
    "@date-io/core" "^2.16.0"

"@fullcalendar/core@~6.1.5":
  version "6.1.5"
  resolved "https://registry.yarnpkg.com/@fullcalendar/core/-/core-6.1.5.tgz#b2ec855f3144ca995af8e5b783a15002d73870fb"
  integrity sha512-U3ZJy1JGAgvyXG4iLWvTW4osbkt5Fj9gmbU1B+RyRhiqwXGE0F329sX7kqLTzj3QI1IPzyq6xnJfWUIsAe7+qw==
  dependencies:
    preact "~10.12.1"

"@fullcalendar/daygrid@^6.1.5", "@fullcalendar/daygrid@~6.1.5":
  version "6.1.5"
  resolved "https://registry.yarnpkg.com/@fullcalendar/daygrid/-/daygrid-6.1.5.tgz#fa5df2ec926a0a2367a91f43981518643d3d63c7"
  integrity sha512-wXQUNPOyEQ1FEHVdtxP/tLcAAGwY4zeFejujhcznhKC751X8voInF+7kFmI7GDTVgX9cd72Muku3c+gHi8ygEQ==

"@fullcalendar/interaction@^6.1.5", "@fullcalendar/interaction@~6.1.5":
  version "6.1.5"
  resolved "https://registry.yarnpkg.com/@fullcalendar/interaction/-/interaction-6.1.5.tgz#548bee3f21046f30ad64c2596cbd94689db509f0"
  integrity sha512-7U+WsysSlgVSkWqyjLnE6dVKUk2I7sGZN0zcadSfvL2e3KzD30BKgz78p6LRayW2Trtyf/7rZEe1k064ELd0+Q==

"@fullcalendar/list@^6.1.5", "@fullcalendar/list@~6.1.5":
  version "6.1.5"
  resolved "https://registry.yarnpkg.com/@fullcalendar/list/-/list-6.1.5.tgz#0276d495fbb2b229871ec5fb0547078531eaf756"
  integrity sha512-Z34h32ZuI0+sU6GdV2WrXnF6Z17VvsagjSBY+8/bMrMHfDoLbT76sGfoI6N0GCAr7aW9N2NgWWz8kuQw9uFAZQ==

"@fullcalendar/multimonth@~6.1.5":
  version "6.1.5"
  resolved "https://registry.yarnpkg.com/@fullcalendar/multimonth/-/multimonth-6.1.5.tgz#6f63c9a0200c2edc132d7f7684e2d055deaa1d62"
  integrity sha512-ZWzfkz0+JEvDPzrOevmEwvOGdfdyDLzHL/jWKCj2hEffAGTjYTMG06dTgUZvush/yEEAxdkLIujTNLizkd7kvw==
  dependencies:
    "@fullcalendar/daygrid" "~6.1.5"

"@fullcalendar/react@^6.1.5":
  version "6.1.5"
  resolved "https://registry.yarnpkg.com/@fullcalendar/react/-/react-6.1.5.tgz#75f9f705be7297ee0ee700dfab3e6997153b54f3"
  integrity sha512-OVQJQhtDAwxHbFk84bm5Y6iGLjGDrrBgr3491JbfnqHUjSaO+T1rNHUvtnot0X4/ZdnoxWr2nKqxPxpmCCL/lw==

"@fullcalendar/timegrid@^6.1.5", "@fullcalendar/timegrid@~6.1.5":
  version "6.1.5"
  resolved "https://registry.yarnpkg.com/@fullcalendar/timegrid/-/timegrid-6.1.5.tgz#cf76716e279a383e17d624b36e4befd1d1558368"
  integrity sha512-phofe7XQ+JbejQB9zGqtZOGmPr/vMkfkK5dwPY4rOjxZOG/wspL3aXoSurmXaVP5CIiRWBvX9QPq0UgVJt0j5A==
  dependencies:
    "@fullcalendar/daygrid" "~6.1.5"

"@mui/utils@^5.11.13":
  version "5.11.13"
  resolved "https://registry.yarnpkg.com/@mui/utils/-/utils-5.11.13.tgz#8d7317f221e8973200764820fa7f2a622dbc7150"
  integrity sha512-5ltA58MM9euOuUcnvwFJqpLdEugc9XFsRR8Gt4zZNb31XzMfSKJPR4eumulyhsOTK1rWf7K4D63NKFPfX0AxqA==
  dependencies:
    "@babel/runtime" "^7.21.0"
    "@types/prop-types" "^15.7.5"
    "@types/react-is" "^16.7.1 || ^17.0.0"
    prop-types "^15.8.1"
    react-is "^18.2.0"

"@mui/x-date-pickers@^6.0.4":
  version "6.0.4"
  resolved "https://registry.yarnpkg.com/@mui/x-date-pickers/-/x-date-pickers-6.0.4.tgz#f82c0ab3d66603c70dcb3a64f51e633d2f570a07"
  integrity sha512-blh91rqgnr8mdm+bn5vdde7fQII0gUDmeOMttKrMLv6P6OxkQXdz5aLSroXUpPTAAbX53zciFW/UG5Ynxqxtpw==
  dependencies:
    "@babel/runtime" "^7.21.0"
    "@date-io/core" "^2.16.0"
    "@date-io/date-fns" "^2.16.0"
    "@date-io/date-fns-jalali" "^2.16.0"
    "@date-io/dayjs" "^2.16.0"
    "@date-io/hijri" "^2.16.1"
    "@date-io/jalaali" "^2.16.1"
    "@date-io/luxon" "^2.16.1"
    "@date-io/moment" "^2.16.1"
    "@mui/utils" "^5.11.13"
    "@types/react-transition-group" "^4.4.5"
    clsx "^1.2.1"
    prop-types "^15.8.1"
    react-transition-group "^4.4.5"

"@types/fullcalendar@^3.8.0":
  version "3.8.0"
  resolved "https://registry.yarnpkg.com/@types/fullcalendar/-/fullcalendar-3.8.0.tgz#9d523b78d1f96efea27a81578763eadabfabdf0d"
  integrity sha512-uxYNAnvH7s3asQjkH8p0K1V4ENMLQDGNmFHWA7/iRZwU13A7RCOvnNoRapEIIRx8hI/+wHWkd4Q9KmpVCQfIEg==
  dependencies:
    fullcalendar "*"

"@types/prop-types@*", "@types/prop-types@^15.7.5":
  version "15.7.5"
  resolved "https://registry.yarnpkg.com/@types/prop-types/-/prop-types-15.7.5.tgz#5f19d2b85a98e9558036f6a3cacc8819420f05cf"
  integrity sha512-JCB8C6SnDoQf0cNycqd/35A7MjcnK+ZTqE7judS6o7utxUCg6imJg3QK2qzHKszlTjcj2cn+NwMB2i96ubpj7w==

"@types/react-is@^16.7.1 || ^17.0.0":
  version "17.0.3"
  resolved "https://registry.yarnpkg.com/@types/react-is/-/react-is-17.0.3.tgz#2d855ba575f2fc8d17ef9861f084acc4b90a137a"
  integrity sha512-aBTIWg1emtu95bLTLx0cpkxwGW3ueZv71nE2YFBpL8k/z5czEW8yYpOo8Dp+UUAFAtKwNaOsh/ioSeQnWlZcfw==
  dependencies:
    "@types/react" "*"

"@types/react-transition-group@^4.4.5":
  version "4.4.5"
  resolved "https://registry.yarnpkg.com/@types/react-transition-group/-/react-transition-group-4.4.5.tgz#aae20dcf773c5aa275d5b9f7cdbca638abc5e416"
  integrity sha512-juKD/eiSM3/xZYzjuzH6ZwpP+/lejltmiS3QEzV/vmb/Q8+HfDmxu+Baga8UEMGBqV88Nbg4l2hY/K2DkyaLLA==
  dependencies:
    "@types/react" "*"

"@types/react@*":
  version "18.0.33"
  resolved "https://registry.yarnpkg.com/@types/react/-/react-18.0.33.tgz#a1575160cb4376787c2f5fe0312302f824baa61e"
  integrity sha512-sHxzVxeanvQyQ1lr8NSHaj0kDzcNiGpILEVt69g9S31/7PfMvNCKLKcsHw4lYKjs3cGNJjXSP4mYzX43QlnjNA==
  dependencies:
    "@types/prop-types" "*"
    "@types/scheduler" "*"
    csstype "^3.0.2"

"@types/scheduler@*":
  version "0.16.3"
  resolved "https://registry.yarnpkg.com/@types/scheduler/-/scheduler-0.16.3.tgz#cef09e3ec9af1d63d2a6cc5b383a737e24e6dcf5"
  integrity sha512-5cJ8CB4yAx7BH1oMvdU0Jh9lrEXyPkar6F9G/ERswkCuvP4KQZfZkSjcMbAICCpQTN4OuZn8tz0HiKv9TGZgrQ==

classnames@^2.2.6:
  version "2.3.2"
  resolved "https://registry.yarnpkg.com/classnames/-/classnames-2.3.2.tgz#351d813bf0137fcc6a76a16b88208d2560a0d924"
  integrity sha512-CSbhY4cFEJRe6/GQzIk5qXZ4Jeg5pcsP7b5peFSDpffpe1cqjASH/n9UTjBwOp6XpMSTwQ8Za2K5V02ueA7Tmw==

clsx@^1.2.1:
  version "1.2.1"
  resolved "https://registry.yarnpkg.com/clsx/-/clsx-1.2.1.tgz#0ddc4a20a549b59c93a4116bb26f5294ca17dc12"
  integrity sha512-EcR6r5a8bj6pu3ycsa/E/cKVGuTgZJZdsyUYHOksG/UHIiKfjxzRxYJpyVBwYaQeOvghal9fcc4PidlgzugAQg==

csstype@^3.0.2:
  version "3.1.2"
  resolved "https://registry.yarnpkg.com/csstype/-/csstype-3.1.2.tgz#1d4bf9d572f11c14031f0436e1c10bc1f571f50b"
  integrity sha512-I7K1Uu0MBPzaFKg4nI5Q7Vs2t+3gWWW648spaF+Rg7pI9ds18Ugn+lvg4SHczUdKlHI5LWBXyqfS8+DufyBsgQ==

date-fns@^2.29.3:
  version "2.29.3"
  resolved "https://registry.yarnpkg.com/date-fns/-/date-fns-2.29.3.tgz#27402d2fc67eb442b511b70bbdf98e6411cd68a8"
  integrity sha512-dDCnyH2WnnKusqvZZ6+jA1O51Ibt8ZMRNkDZdyAyK4YfbDwa/cEmuztzG5pk6hqlp9aSBPYcjOlktquahGwGeA==

dayjs@^1.11.7:
  version "1.11.7"
  resolved "https://registry.yarnpkg.com/dayjs/-/dayjs-1.11.7.tgz#4b296922642f70999544d1144a2c25730fce63e2"
  integrity sha512-+Yw9U6YO5TQohxLcIkrXBeY73WP3ejHWVvx8XCk3gxvQDCTEmS48ZrSZCKciI7Bhl/uCMyxYtE9UqRILmFphkQ==

dom-helpers@^5.0.1:
  version "5.2.1"
  resolved "https://registry.yarnpkg.com/dom-helpers/-/dom-helpers-5.2.1.tgz#d9400536b2bf8225ad98fe052e029451ac40e902"
  integrity sha512-nRCa7CK3VTrM2NmGkIy4cbK7IZlgBE/PYMn55rrXefr5xXDP0LdtfPnblFDoVdcAfslJ7or6iqAUnx0CCGIWQA==
  dependencies:
    "@babel/runtime" "^7.8.7"
    csstype "^3.0.2"

fullcalendar@*:
  version "6.1.5"
  resolved "https://registry.yarnpkg.com/fullcalendar/-/fullcalendar-6.1.5.tgz#a29953b0e7f6e3f77dcf3812358a5ceef428c4b3"
  integrity sha512-lV8he45gJW0ZKmBYkTjXZlx8VtC+rTR8FU5EKhwKpOSPg9FJbMLSTnsVagUp4+rk/JFOv/DxoLB2vDW0VX97VQ==
  dependencies:
    "@fullcalendar/core" "~6.1.5"
    "@fullcalendar/daygrid" "~6.1.5"
    "@fullcalendar/interaction" "~6.1.5"
    "@fullcalendar/list" "~6.1.5"
    "@fullcalendar/multimonth" "~6.1.5"
    "@fullcalendar/timegrid" "~6.1.5"

"js-tokens@^3.0.0 || ^4.0.0":
  version "4.0.0"
  resolved "https://registry.yarnpkg.com/js-tokens/-/js-tokens-4.0.0.tgz#19203fb59991df98e3a287050d4647cdeaf32499"
  integrity sha512-RdJUflcE3cUzKiMqQgsCu06FPu9UdIJO0beYbPhHN4k6apgJtifcoCtT9bcxOpYBtpD2kCM6Sbzg4CausW/PKQ==

loose-envify@^1.4.0:
  version "1.4.0"
  resolved "https://registry.yarnpkg.com/loose-envify/-/loose-envify-1.4.0.tgz#71ee51fa7be4caec1a63839f7e682d8132d30caf"
  integrity sha512-lyuxPGr/Wfhrlem2CL/UcnUc1zcqKAImBDzukY7Y5F/yQiNdko6+fRLevlw1HgMySw7f611UIY408EtxRSoK3Q==
  dependencies:
    js-tokens "^3.0.0 || ^4.0.0"

object-assign@^4.1.1:
  version "4.1.1"
  resolved "https://registry.yarnpkg.com/object-assign/-/object-assign-4.1.1.tgz#2109adc7965887cfc05cbbd442cac8bfbb360863"
  integrity sha512-rJgTQnkUnH1sFw8yT6VSU3zD3sWmu6sZhIseY8VX+GRu3P6F7Fu+JNDoXfklElbLJSnc3FUQHVe4cU5hj+BcUg==

preact@~10.12.1:
  version "10.12.1"
  resolved "https://registry.yarnpkg.com/preact/-/preact-10.12.1.tgz#8f9cb5442f560e532729b7d23d42fd1161354a21"
  integrity sha512-l8386ixSsBdbreOAkqtrwqHwdvR35ID8c3rKPa8lCWuO86dBi32QWHV4vfsZK1utLLFMvw+Z5Ad4XLkZzchscg==

prop-types@15, prop-types@^15.6.2, prop-types@^15.7.2, prop-types@^15.8.1:
  version "15.8.1"
  resolved "https://registry.yarnpkg.com/prop-types/-/prop-types-15.8.1.tgz#67d87bf1a694f48435cf332c24af10214a3140b5"
  integrity sha512-oj87CgZICdulUohogVAR7AjlC0327U4el4L6eAvOqCeudMDVU0NThNaV+b9Df4dXgSP1gXMTnPdhfe/2qDH5cg==
  dependencies:
    loose-envify "^1.4.0"
    object-assign "^4.1.1"
    react-is "^16.13.1"

react-date-range@^1.4.0:
  version "1.4.0"
  resolved "https://registry.yarnpkg.com/react-date-range/-/react-date-range-1.4.0.tgz#d2073b85bdb4185e4dde288ce29198dd90074045"
  integrity sha512-+9t0HyClbCqw1IhYbpWecjsiaftCeRN5cdhsi9v06YdimwyMR2yYHWcgVn3URwtN/txhqKpEZB6UX1fHpvK76w==
  dependencies:
    classnames "^2.2.6"
    prop-types "^15.7.2"
    react-list "^0.8.13"
    shallow-equal "^1.2.1"

react-is@^16.13.1:
  version "16.13.1"
  resolved "https://registry.yarnpkg.com/react-is/-/react-is-16.13.1.tgz#789729a4dc36de2999dc156dd6c1d9c18cea56a4"
  integrity sha512-24e6ynE2H+OKt4kqsOvNd8kBpV65zoxbA4BVsEOB3ARVWQki/DHzaUoC5KuON/BiccDaCCTZBuOcfZs70kR8bQ==

react-is@^18.2.0:
  version "18.2.0"
  resolved "https://registry.yarnpkg.com/react-is/-/react-is-18.2.0.tgz#199431eeaaa2e09f86427efbb4f1473edb47609b"
  integrity sha512-xWGDIW6x921xtzPkhiULtthJHoJvBbF3q26fzloPCK0hsvxtPVelvftw3zjbHWSkR2km9Z+4uxbDDK/6Zw9B8w==

react-list@^0.8.13:
  version "0.8.17"
  resolved "https://registry.yarnpkg.com/react-list/-/react-list-0.8.17.tgz#49f55af2797cfdf3974ad2188a191e0ee919d254"
  integrity sha512-pgmzGi0G5uGrdHzMhgO7KR1wx5ZXVvI3SsJUmkblSAKtewIhMwbQiMuQiTE83ozo04BQJbe0r3WIWzSO0dR1xg==
  dependencies:
    prop-types "15"

react-transition-group@^4.4.5:
  version "4.4.5"
  resolved "https://registry.yarnpkg.com/react-transition-group/-/react-transition-group-4.4.5.tgz#e53d4e3f3344da8521489fbef8f2581d42becdd1"
  integrity sha512-pZcd1MCJoiKiBR2NRxeCRg13uCXbydPnmB4EOeRrY7480qNWO8IIgQG6zlDkm6uRMsURXPuKq0GWtiM59a5Q6g==
  dependencies:
    "@babel/runtime" "^7.5.5"
    dom-helpers "^5.0.1"
    loose-envify "^1.4.0"
    prop-types "^15.6.2"

regenerator-runtime@^0.13.11:
  version "0.13.11"
  resolved "https://registry.yarnpkg.com/regenerator-runtime/-/regenerator-runtime-0.13.11.tgz#f6dca3e7ceec20590d07ada785636a90cdca17f9"
  integrity sha512-kY1AZVr2Ra+t+piVaJ4gxaFaReZVH40AKNo7UCX6W+dEwBo/2oZJzqfuN1qLq1oL45o56cPaTXELwrTh8Fpggg==

shallow-equal@^1.2.1:
  version "1.2.1"
  resolved "https://registry.yarnpkg.com/shallow-equal/-/shallow-equal-1.2.1.tgz#4c16abfa56043aa20d050324efa68940b0da79da"
  integrity sha512-S4vJDjHHMBaiZuT9NPb616CSmLf618jawtv3sufLl6ivK8WocjAo58cXwbRV1cgqxH0Qbv+iUt6m05eqEa2IRA==
